
Microsoft Visual Studio Solution File, Format Version 12.00
# Visual Studio 2012
Project("{FAE04EC0-301F-11D3-BF4B-00C04F79EFBC}") = "bit-IMS", "bit-IMS\bit-IMS.csproj", "{10BA0AA8-E3F8-442C-9C1D-E1A705C63C39}"
EndProject
Global
	GlobalSection(SolutionConfigurationPlatforms) = preSolution
		Debug|Any CPU = Debug|Any CPU
		Release|Any CPU = Release|Any CPU
	EndGlobalSection
	GlobalSection(ProjectConfigurationPlatforms) = postSolution
		{10BA0AA8-E3F8-442C-9C1D-E1A705C63C39}.Debug|Any CPU.ActiveCfg = Debug|Any CPU
		{10BA0AA8-E3F8-442C-9C1D-E1A705C63C39}.Debug|Any CPU.Build.0 = Debug|Any CPU
		{10BA0AA8-E3F8-442C-9C1D-E1A705C63C39}.Release|Any CPU.ActiveCfg = Release|Any CPU
		{10BA0AA8-E3F8-442C-9C1D-E1A705C63C39}.Release|Any CPU.Build.0 = Release|Any CPU
	EndGlobalSection
	GlobalSection(SolutionProperties) = preSolution
		HideSolutionNode = FALSE
	EndGlobalSection
EndGlobal
